
Microsoft Visual Studio Solution File, Format Version 12.00
# Visual Studio Version 17
VisualStudioVersion = 17.1.32328.378
MinimumVisualStudioVersion = 10.0.40219.1
Project("{FAE04EC0-301F-11D3-BF4B-00C04F79EFBC}") = "LDAP", "LDAP\LDAP.csproj", "{8271A0D0-B2C2-4A52-AA8C-10AA78C1AFDC}"
EndProject
Global
	GlobalSection(SolutionConfigurationPlatforms) = preSolution
		Debug|Any CPU = Debug|Any CPU
		Release|Any CPU = Release|Any CPU
	EndGlobalSection
	GlobalSection(ProjectConfigurationPlatforms) = postSolution
		{8271A0D0-B2C2-4A52-AA8C-10AA78C1AFDC}.Debug|Any CPU.ActiveCfg = Debug|Any CPU
		{8271A0D0-B2C2-4A52-AA8C-10AA78C1AFDC}.Debug|Any CPU.Build.0 = Debug|Any CPU
		{8271A0D0-B2C2-4A52-AA8C-10AA78C1AFDC}.Release|Any CPU.ActiveCfg = Release|Any CPU
		{8271A0D0-B2C2-4A52-AA8C-10AA78C1AFDC}.Release|Any CPU.Build.0 = Release|Any CPU
	EndGlobalSection
	GlobalSection(SolutionProperties) = preSolution
		HideSolutionNode = FALSE
	EndGlobalSection
	GlobalSection(ExtensibilityGlobals) = postSolution
		SolutionGuid = {18C6D9CA-1D00-42C2-B6BB-8144A847905F}
	EndGlobalSection
EndGlobal
